
Microsoft Visual Studio Solution File, Format Version 12.00
# Visual Studio Version 17
VisualStudioVersion = 17.3.32929.385
MinimumVisualStudioVersion = 10.0.40219.1
Project("{FAE04EC0-301F-11D3-BF4B-00C04F79EFBC}") = "EmptyProject", "EmptyProject\EmptyProject.csproj", "{E3E7FA3D-2BD0-41A7-9A98-D3CB14946266}"
EndProject
Global
	GlobalSection(SolutionConfigurationPlatforms) = preSolution
		Debug|Any CPU = Debug|Any CPU
		Release|Any CPU = Release|Any CPU
	EndGlobalSection
	GlobalSection(ProjectConfigurationPlatforms) = postSolution
		{E3E7FA3D-2BD0-41A7-9A98-D3CB14946266}.Debug|Any CPU.ActiveCfg = Debug|Any CPU
		{E3E7FA3D-2BD0-41A7-9A98-D3CB14946266}.Debug|Any CPU.Build.0 = Debug|Any CPU
		{E3E7FA3D-2BD0-41A7-9A98-D3CB14946266}.Release|Any CPU.ActiveCfg = Release|Any CPU
		{E3E7FA3D-2BD0-41A7-9A98-D3CB14946266}.Release|Any CPU.Build.0 = Release|Any CPU
	EndGlobalSection
	GlobalSection(SolutionProperties) = preSolution
		HideSolutionNode = FALSE
	EndGlobalSection
	GlobalSection(ExtensibilityGlobals) = postSolution
		SolutionGuid = {27E159AF-FBC4-47AE-9493-221AC314EF38}
	EndGlobalSection
EndGlobal
